
Microsoft Visual Studio Solution File, Format Version 12.00
# Visual Studio 15
VisualStudioVersion = 15.0.26730.15
MinimumVisualStudioVersion = 10.0.40219.1
Project("{FAE04EC0-301F-11D3-BF4B-00C04F79EFBC}") = "SampleConsoleApp", "SampleConsoleApp\SampleConsoleApp.csproj", "{724E1F99-DC6A-4ABA-8170-76C05B207ACB}"
EndProject
Global
	GlobalSection(SolutionConfigurationPlatforms) = preSolution
		Debug|Any CPU = Debug|Any CPU
		Release|Any CPU = Release|Any CPU
	EndGlobalSection
	GlobalSection(ProjectConfigurationPlatforms) = postSolution
		{724E1F99-DC6A-4ABA-8170-76C05B207ACB}.Debug|Any CPU.ActiveCfg = Debug|Any CPU
		{724E1F99-DC6A-4ABA-8170-76C05B207ACB}.Debug|Any CPU.Build.0 = Debug|Any CPU
		{724E1F99-DC6A-4ABA-8170-76C05B207ACB}.Release|Any CPU.ActiveCfg = Release|Any CPU
		{724E1F99-DC6A-4ABA-8170-76C05B207ACB}.Release|Any CPU.Build.0 = Release|Any CPU
	EndGlobalSection
	GlobalSection(SolutionProperties) = preSolution
		HideSolutionNode = FALSE
	EndGlobalSection
	GlobalSection(ExtensibilityGlobals) = postSolution
		SolutionGuid = {7B4F66C2-6E13-4457-8C4A-8746454A4382}
	EndGlobalSection
EndGlobal
